DEPENDENCIES
  bimble-runner
    path: .
    metadata: true
  envbuilder
    git: git://github.com/theodi/chef-envbuilder.git
    revision: 27252c8b85be41067ce364d62f9779855c5108b0

GRAPH
  bimble-runner (0.0.1)
    envbuilder (>= 0.0.0)
    git (>= 0.0.0)
    rvm (>= 0.0.0)
  build-essential (2.0.2)
  chef_gem (0.1.0)
  chef_handler (1.1.6)
  dmg (2.2.0)
  envbuilder (0.2.0)
  git (4.0.2)
    build-essential (>= 0.0.0)
    dmg (>= 0.0.0)
    runit (>= 1.0.0)
    windows (>= 0.0.0)
    yum (~> 3.0)
    yum-epel (>= 0.0.0)
  runit (1.5.10)
    build-essential (>= 0.0.0)
    yum (~> 3.0)
    yum-epel (>= 0.0.0)
  rvm (0.9.2)
    chef_gem (>= 0.0.0)
    java (>= 0.0.0)
  windows (1.31.0)
    chef_handler (>= 0.0.0)
  yum (3.2.0)
  yum-epel (0.3.6)
    yum (~> 3.0)
